// !$*UTF8*$!
{
	archiveVersion = 1;
	classes = {
	};
	objectVersion = 48;
	objects = {

/* Begin PBXBuildFile section */
		ABB817741FC7B71300457BA3 /* AppDelegate.swift in Sources */ = {isa = PBXBuildFile; fileRef = ABB817731FC7B71300457BA3 /* AppDelegate.swift */; };
		ABB817761FC7B71300457BA3 /* ViewController.swift in Sources */ = {isa = PBXBuildFile; fileRef = ABB817751FC7B71300457BA3 /* ViewController.swift */; };
		ABB817791FC7B71300457BA3 /* Main.storyboard in Resources */ = {isa = PBXBuildFile; fileRef = ABB817771FC7B71300457BA3 /* Main.storyboard */; };
		ABB8177B1FC7B71300457BA3 /* Assets.xcassets in Resources */ = {isa = PBXBuildFile; fileRef = ABB8177A1FC7B71300457BA3 /* Assets.xcassets */; };
		ABB8177E1FC7B71300457BA3 /* LaunchScreen.storyboard in Resources */ = {isa = PBXBuildFile; fileRef = ABB8177C1FC7B71300457BA3 /* LaunchScreen.storyboard */; };
		ABB817891FC7B71300457BA3 /* LeetCodeTests.swift in Sources */ = {isa = PBXBuildFile; fileRef = ABB817881FC7B71300457BA3 /* LeetCodeTests.swift */; };
		ABB817941FC7B71300457BA3 /* LeetCodeUITests.swift in Sources */ = {isa = PBXBuildFile; fileRef = ABB817931FC7B71300457BA3 /* LeetCodeUITests.swift */; };
/* End PBXBuildFile section */

/* Begin PBXContainerItemProxy section */
		ABB817851FC7B71300457BA3 /* PBXContainerItemProxy */ = {
			isa = PBXContainerItemProxy;
			containerPortal = ABB817681FC7B71300457BA3 /* Project object */;
			proxyType = 1;
			remoteGlobalIDString = ABB8176F1FC7B71300457BA3;
			remoteInfo = LeetCode;
		};
		ABB817901FC7B71300457BA3 /* PBXContainerItemProxy */ = {
			isa = PBXContainerItemProxy;
			containerPortal = ABB817681FC7B71300457BA3 /* Project object */;
			proxyType = 1;
			remoteGlobalIDString = ABB8176F1FC7B71300457BA3;
			remoteInfo = LeetCode;
		};
/* End PBXContainerItemProxy section */

/* Begin PBXFileReference section */
		ABB817701FC7B71300457BA3 /* LeetCode.app */ = {isa = PBXFileReference; explicitFileType = wrapper.application; includeInIndex = 0; path = LeetCode.app; sourceTree = BUILT_PRODUCTS_DIR; };
		ABB817731FC7B71300457BA3 /* AppDelegate.swift */ = {isa = PBXFileReference; lastKnownFileType = sourcecode.swift; path = AppDelegate.swift; sourceTree = "<group>"; };
		ABB817751FC7B71300457BA3 /* ViewController.swift */ = {isa = PBXFileReference; lastKnownFileType = sourcecode.swift; path = ViewController.swift; sourceTree = "<group>"; };
		ABB817781FC7B71300457BA3 /* Base */ = {isa = PBXFileReference; lastKnownFileType = file.storyboard; name = Base; path = Base.lproj/Main.storyboard; sourceTree = "<group>"; };
		ABB8177A1FC7B71300457BA3 /* Assets.xcassets */ = {isa = PBXFileReference; lastKnownFileType = folder.assetcatalog; path = Assets.xcassets; sourceTree = "<group>"; };
		ABB8177D1FC7B71300457BA3 /* Base */ = {isa = PBXFileReference; lastKnownFileType = file.storyboard; name = Base; path = Base.lproj/LaunchScreen.storyboard; sourceTree = "<group>"; };
		ABB8177F1FC7B71300457BA3 /* Info.plist */ = {isa = PBXFileReference; lastKnownFileType = text.plist.xml; path = Info.plist; sourceTree = "<group>"; };
		ABB817841FC7B71300457BA3 /* LeetCodeTests.xctest */ = {isa = PBXFileReference; explicitFileType = wrapper.cfbundle; includeInIndex = 0; path = LeetCodeTests.xctest; sourceTree = BUILT_PRODUCTS_DIR; };
		ABB817881FC7B71300457BA3 /* LeetCodeTests.swift */ = {isa = PBXFileReference; lastKnownFileType = sourcecode.swift; path = LeetCodeTests.swift; sourceTree = "<group>"; };
		ABB8178A1FC7B71300457BA3 /* Info.plist */ = {isa = PBXFileReference; lastKnownFileType = text.plist.xml; path = Info.plist; sourceTree = "<group>"; };
		ABB8178F1FC7B71300457BA3 /* LeetCodeUITests.xctest */ = {isa = PBXFileReference; explicitFileType = wrapper.cfbundle; includeInIndex = 0; path = LeetCodeUITests.xctest; sourceTree = BUILT_PRODUCTS_DIR; };
		ABB817931FC7B71300457BA3 /* LeetCodeUITests.swift */ = {isa = PBXFileReference; lastKnownFileType = sourcecode.swift; path = LeetCodeUITests.swift; sourceTree = "<group>"; };
		ABB817951FC7B71300457BA3 /* Info.plist */ = {isa = PBXFileReference; lastKnownFileType = text.plist.xml; path = Info.plist; sourceTree = "<group>"; };
/* End PBXFileReference section */

/* Begin PBXFrameworksBuildPhase section */
		ABB8176D1FC7B71300457BA3 /* Frameworks */ = {
			isa = PBXFrameworksBuildPhase;
			buildActionMask = 2147483647;
			files = (
			);
			runOnlyForDeploymentPostprocessing = 0;
		};
		ABB817811FC7B71300457BA3 /* Frameworks */ = {
			isa = PBXFrameworksBuildPhase;
			buildActionMask = 2147483647;
			files = (
			);
			runOnlyForDeploymentPostprocessing = 0;
		};
		ABB8178C1FC7B71300457BA3 /* Frameworks */ = {
			isa = PBXFrameworksBuildPhase;
			buildActionMask = 2147483647;
			files = (
			);
			runOnlyForDeploymentPostprocessing = 0;
		};
/* End PBXFrameworksBuildPhase section */

/* Begin PBXGroup section */
		ABB817671FC7B71300457BA3 = {
			isa = PBXGroup;
			children = (
				ABB817721FC7B71300457BA3 /* LeetCode */,
				ABB817871FC7B71300457BA3 /* LeetCodeTests */,
				ABB817921FC7B71300457BA3 /* LeetCodeUITests */,
				ABB817711FC7B71300457BA3 /* Products */,
			);
			sourceTree = "<group>";
		};
		ABB817711FC7B71300457BA3 /* Products */ = {
			isa = PBXGroup;
			children = (
				ABB817701FC7B71300457BA3 /* LeetCode.app */,
				ABB817841FC7B71300457BA3 /* LeetCodeTests.xctest */,
				ABB8178F1FC7B71300457BA3 /* LeetCodeUITests.xctest */,
			);
			name = Products;
			sourceTree = "<group>";
		};
		ABB817721FC7B71300457BA3 /* LeetCode */ = {
			isa = PBXGroup;
			children = (
				ABB817731FC7B71300457BA3 /* AppDelegate.swift */,
				ABB817751FC7B71300457BA3 /* ViewController.swift */,
				ABB817771FC7B71300457BA3 /* Main.storyboard */,
				ABB8177A1FC7B71300457BA3 /* Assets.xcassets */,
				ABB8177C1FC7B71300457BA3 /* LaunchScreen.storyboard */,
				ABB8177F1FC7B71300457BA3 /* Info.plist */,
			);
			path = LeetCode;
			sourceTree = "<group>";
		};
		ABB817871FC7B71300457BA3 /* LeetCodeTests */ = {
			isa = PBXGroup;
			children = (
				ABB817881FC7B71300457BA3 /* LeetCodeTests.swift */,
				ABB8178A1FC7B71300457BA3 /* Info.plist */,
			);
			path = LeetCodeTests;
			sourceTree = "<group>";
		};
		ABB817921FC7B71300457BA3 /* LeetCodeUITests */ = {
			isa = PBXGroup;
			children = (
				ABB817931FC7B71300457BA3 /* LeetCodeUITests.swift */,
				ABB817951FC7B71300457BA3 /* Info.plist */,
			);
			path = LeetCodeUITests;
			sourceTree = "<group>";
		};
/* End PBXGroup section */

/* Begin PBXNativeTarget section */
		ABB8176F1FC7B71300457BA3 /* LeetCode */ = {
			isa = PBXNativeTarget;
			buildConfigurationList = ABB817981FC7B71300457BA3 /* Build configuration list for PBXNativeTarget "LeetCode" */;
			buildPhases = (
				ABB8176C1FC7B71300457BA3 /* Sources */,
				ABB8176D1FC7B71300457BA3 /* Frameworks */,
				ABB8176E1FC7B71300457BA3 /* Resources */,
			);
			buildRules = (
			);
			dependencies = (
			);
			name = LeetCode;
			productName = LeetCode;
			productReference = ABB817701FC7B71300457BA3 /* LeetCode.app */;
			productType = "com.apple.product-type.application";
		};
		ABB817831FC7B71300457BA3 /* LeetCodeTests */ = {
			isa = PBXNativeTarget;
			buildConfigurationList = ABB8179B1FC7B71300457BA3 /* Build configuration list for PBXNativeTarget "LeetCodeTests" */;
			buildPhases = (
				ABB817801FC7B71300457BA3 /* Sources */,
				ABB817811FC7B71300457BA3 /* Frameworks */,
				ABB817821FC7B71300457BA3 /* Resources */,
			);
			buildRules = (
			);
			dependencies = (
				ABB817861FC7B71300457BA3 /* PBXTargetDependency */,
			);
			name = LeetCodeTests;
			productName = LeetCodeTests;
			productReference = ABB817841FC7B71300457BA3 /* LeetCodeTests.xctest */;
			productType = "com.apple.product-type.bundle.unit-test";
		};
		ABB8178E1FC7B71300457BA3 /* LeetCodeUITests */ = {
			isa = PBXNativeTarget;
			buildConfigurationList = ABB8179E1FC7B71300457BA3 /* Build configuration list for PBXNativeTarget "LeetCodeUITests" */;
			buildPhases = (
				ABB8178B1FC7B71300457BA3 /* Sources */,
				ABB8178C1FC7B71300457BA3 /* Frameworks */,
				ABB8178D1FC7B71300457BA3 /* Resources */,
			);
			buildRules = (
			);
			dependencies = (
				ABB817911FC7B71300457BA3 /* PBXTargetDependency */,
			);
			name = LeetCodeUITests;
			productName = LeetCodeUITests;
			productReference = ABB8178F1FC7B71300457BA3 /* LeetCodeUITests.xctest */;
			productType = "com.apple.product-type.bundle.ui-testing";
		};
/* End PBXNativeTarget section */

/* Begin PBXProject section */
		ABB817681FC7B71300457BA3 /* Project object */ = {
			isa = PBXProject;
			attributes = {
				LastSwiftUpdateCheck = 0910;
				LastUpgradeCheck = 0910;
				ORGANIZATIONNAME = dfc;
				TargetAttributes = {
					ABB8176F1FC7B71300457BA3 = {
						CreatedOnToolsVersion = 9.1;
						ProvisioningStyle = Automatic;
					};
					ABB817831FC7B71300457BA3 = {
						CreatedOnToolsVersion = 9.1;
						ProvisioningStyle = Automatic;
						TestTargetID = ABB8176F1FC7B71300457BA3;
					};
					ABB8178E1FC7B71300457BA3 = {
						CreatedOnToolsVersion = 9.1;
						ProvisioningStyle = Automatic;
						TestTargetID = ABB8176F1FC7B71300457BA3;
					};
				};
			};
			buildConfigurationList = ABB8176B1FC7B71300457BA3 /* Build configuration list for PBXProject "LeetCode" */;
			compatibilityVersion = "Xcode 8.0";
			developmentRegion = en;
			hasScannedForEncodings = 0;
			knownRegions = (
				en,
				Base,
			);
			mainGroup = ABB817671FC7B71300457BA3;
			productRefGroup = ABB817711FC7B71300457BA3 /* Products */;
			projectDirPath = "";
			projectRoot = "";
			targets = (
				ABB8176F1FC7B71300457BA3 /* LeetCode */,
				ABB817831FC7B71300457BA3 /* LeetCodeTests */,
				ABB8178E1FC7B71300457BA3 /* LeetCodeUITests */,
			);
		};
/* End PBXProject section */

/* Begin PBXResourcesBuildPhase section */
		ABB8176E1FC7B71300457BA3 /* Resources */ = {
			isa = PBXResourcesBuildPhase;
			buildActionMask = 2147483647;
			files = (
				ABB8177E1FC7B71300457BA3 /* LaunchScreen.storyboard in Resources */,
				ABB8177B1FC7B71300457BA3 /* Assets.xcassets in Resources */,
				ABB817791FC7B71300457BA3 /* Main.storyboard in Resources */,
			);
			runOnlyForDeploymentPostprocessing = 0;
		};
		ABB817821FC7B71300457BA3 /* Resources */ = {
			isa = PBXResourcesBuildPhase;
			buildActionMask = 2147483647;
			files = (
			);
			runOnlyForDeploymentPostprocessing = 0;
		};
		ABB8178D1FC7B71300457BA3 /* Resources */ = {
			isa = PBXResourcesBuildPhase;
			buildActionMask = 2147483647;
			files = (
			);
			runOnlyForDeploymentPostprocessing = 0;
		};
/* End PBXResourcesBuildPhase section */

/* Begin PBXSourcesBuildPhase section */
		ABB8176C1FC7B71300457BA3 /* Sources */ = {
			isa = PBXSourcesBuildPhase;
			buildActionMask = 2147483647;
			files = (
				ABB817761FC7B71300457BA3 /* ViewController.swift in Sources */,
				ABB817741FC7B71300457BA3 /* AppDelegate.swift in Sources */,
			);
			runOnlyForDeploymentPostprocessing = 0;
		};
		ABB817801FC7B71300457BA3 /* Sources */ = {
			isa = PBXSourcesBuildPhase;
			buildActionMask = 2147483647;
			files = (
				ABB817891FC7B71300457BA3 /* LeetCodeTests.swift in Sources */,
			);
			runOnlyForDeploymentPostprocessing = 0;
		};
		ABB8178B1FC7B71300457BA3 /* Sources */ = {
			isa = PBXSourcesBuildPhase;
			buildActionMask = 2147483647;
			files = (
				ABB817941FC7B71300457BA3 /* LeetCodeUITests.swift in Sources */,
			);
			runOnlyForDeploymentPostprocessing = 0;
		};
/* End PBXSourcesBuildPhase section */

/* Begin PBXTargetDependency section */
		ABB817861FC7B71300457BA3 /* PBXTargetDependency */ = {
			isa = PBXTargetDependency;
			target = ABB8176F1FC7B71300457BA3 /* LeetCode */;
			targetProxy = ABB817851FC7B71300457BA3 /* PBXContainerItemProxy */;
		};
		ABB817911FC7B71300457BA3 /* PBXTargetDependency */ = {
			isa = PBXTargetDependency;
			target = ABB8176F1FC7B71300457BA3 /* LeetCode */;
			targetProxy = ABB817901FC7B71300457BA3 /* PBXContainerItemProxy */;
		};
/* End PBXTargetDependency section */

/* Begin PBXVariantGroup section */
		ABB817771FC7B71300457BA3 /* Main.storyboard */ = {
			isa = PBXVariantGroup;
			children = (
				ABB817781FC7B71300457BA3 /* Base */,
			);
			name = Main.storyboard;
			sourceTree = "<group>";
		};
		ABB8177C1FC7B71300457BA3 /* LaunchScreen.storyboard */ = {
			isa = PBXVariantGroup;
			children = (
				ABB8177D1FC7B71300457BA3 /* Base */,
			);
			name = LaunchScreen.storyboard;
			sourceTree = "<group>";
		};
/* End PBXVariantGroup section */

/* Begin XCBuildConfiguration section */
		ABB817961FC7B71300457BA3 /* Debug */ = {
			isa = XCBuildConfiguration;
			buildSettings = {
				ALWAYS_SEARCH_USER_PATHS = NO;
				CLANG_ANALYZER_NONNULL = YES;
				CLANG_ANALYZER_NUMBER_OBJECT_CONVERSION = YES_AGGRESSIVE;
				CLANG_CXX_LANGUAGE_STANDARD = "gnu++14";
				CLANG_CXX_LIBRARY = "libc++";
				CLANG_ENABLE_MODULES = YES;
				CLANG_ENABLE_OBJC_ARC = YES;
				CLANG_WARN_BLOCK_CAPTURE_AUTORELEASING = YES;
				CLANG_WARN_BOOL_CONVERSION = YES;
				CLANG_WARN_COMMA = YES;
				CLANG_WARN_CONSTANT_CONVERSION = YES;
				CLANG_WARN_DIRECT_OBJC_ISA_USAGE = YES_ERROR;
				CLANG_WARN_DOCUMENTATION_COMMENTS = YES;
				CLANG_WARN_EMPTY_BODY = YES;
				CLANG_WARN_ENUM_CONVERSION = YES;
				CLANG_WARN_INFINITE_RECURSION = YES;
				CLANG_WARN_INT_CONVERSION = YES;
				CLANG_WARN_NON_LITERAL_NULL_CONVERSION = YES;
				CLANG_WARN_OBJC_LITERAL_CONVERSION = YES;
				CLANG_WARN_OBJC_ROOT_CLASS = YES_ERROR;
				CLANG_WARN_RANGE_LOOP_ANALYSIS = YES;
				CLANG_WARN_STRICT_PROTOTYPES = YES;
				CLANG_WARN_SUSPICIOUS_MOVE = YES;
				CLANG_WARN_UNGUARDED_AVAILABILITY = YES_AGGRESSIVE;
				CLANG_WARN_UNREACHABLE_CODE = YES;
				CLANG_WARN__DUPLICATE_METHOD_MATCH = YES;
				CODE_SIGN_IDENTITY = "iPhone Developer";
				COPY_PHASE_STRIP = NO;
				DEBUG_INFORMATION_FORMAT = dwarf;
				ENABLE_STRICT_OBJC_MSGSEND = YES;
				ENABLE_TESTABILITY = YES;
				GCC_C_LANGUAGE_STANDARD = gnu11;
				GCC_DYNAMIC_NO_PIC = NO;
				GCC_NO_COMMON_BLOCKS = YES;
				GCC_OPTIMIZATION_LEVEL = 0;
				GCC_PREPROCESSOR_DEFINITIONS = (
					"DEBUG=1",
					"$(inherited)",
				);
				GCC_WARN_64_TO_32_BIT_CONVERSION = YES;
				GCC_WARN_ABOUT_RETURN_TYPE = YES_ERROR;
				GCC_WARN_UNDECLARED_SELECTOR = YES;
				GCC_WARN_UNINITIALIZED_AUTOS = YES_AGGRESSIVE;
				GCC_WARN_UNUSED_FUNCTION = YES;
				GCC_WARN_UNUSED_VARIABLE = YES;
				IPHONEOS_DEPLOYMENT_TARGET = 11.1;
				MTL_ENABLE_DEBUG_INFO = YES;
				ONLY_ACTIVE_ARCH = YES;
				SDKROOT = iphoneos;
				SWIFT_ACTIVE_COMPILATION_CONDITIONS = DEBUG;
				SWIFT_OPTIMIZATION_LEVEL = "-Onone";
			};
			name = Debug;
		};
		ABB817971FC7B71300457BA3 /* Release */ = {
			isa = XCBuildConfiguration;
			buildSettings = {
				ALWAYS_SEARCH_USER_PATHS = NO;
				CLANG_ANALYZER_NONNULL = YES;
				CLANG_ANALYZER_NUMBER_OBJECT_CONVERSION = YES_AGGRESSIVE;
				CLANG_CXX_LANGUAGE_STANDARD = "gnu++14";
				CLANG_CXX_LIBRARY = "libc++";
				CLANG_ENABLE_MODULES = YES;
				CLANG_ENABLE_OBJC_ARC = YES;
				CLANG_WARN_BLOCK_CAPTURE_AUTORELEASING = YES;
				CLANG_WARN_BOOL_CONVERSION = YES;
				CLANG_WARN_COMMA = YES;
				CLANG_WARN_CONSTANT_CONVERSION = YES;
				CLANG_WARN_DIRECT_OBJC_ISA_USAGE = YES_ERROR;
				CLANG_WARN_DOCUMENTATION_COMMENTS = YES;
				CLANG_WARN_EMPTY_BODY = YES;
				CLANG_WARN_ENUM_CONVERSION = YES;
				CLANG_WARN_INFINITE_RECURSION = YES;
				CLANG_WARN_INT_CONVERSION = YES;
				CLANG_WARN_NON_LITERAL_NULL_CONVERSION = YES;
				CLANG_WARN_OBJC_LITERAL_CONVERSION = YES;
				CLANG_WARN_OBJC_ROOT_CLASS = YES_ERROR;
				CLANG_WARN_RANGE_LOOP_ANALYSIS = YES;
				CLANG_WARN_STRICT_PROTOTYPES = YES;
				CLANG_WARN_SUSPICIOUS_MOVE = YES;
				CLANG_WARN_UNGUARDED_AVAILABILITY = YES_AGGRESSIVE;
				CLANG_WARN_UNREACHABLE_CODE = YES;
				CLANG_WARN__DUPLICATE_METHOD_MATCH = YES;
				CODE_SIGN_IDENTITY = "iPhone Developer";
				COPY_PHASE_STRIP = NO;
				DEBUG_INFORMATION_FORMAT = "dwarf-with-dsym";
				ENABLE_NS_ASSERTIONS = NO;
				ENABLE_STRICT_OBJC_MSGSEND = YES;
				GCC_C_LANGUAGE_STANDARD = gnu11;
				GCC_NO_COMMON_BLOCKS = YES;
				GCC_WARN_64_TO_32_BIT_CONVERSION = YES;
				GCC_WARN_ABOUT_RETURN_TYPE = YES_ERROR;
				GCC_WARN_UNDECLARED_SELECTOR = YES;
				GCC_WARN_UNINITIALIZED_AUTOS = YES_AGGRESSIVE;
				GCC_WARN_UNUSED_FUNCTION = YES;
				GCC_WARN_UNUSED_VARIABLE = YES;
				IPHONEOS_DEPLOYMENT_TARGET = 11.1;
				MTL_ENABLE_DEBUG_INFO = NO;
				SDKROOT = iphoneos;
				SWIFT_OPTIMIZATION_LEVEL = "-Owholemodule";
				VALIDATE_PRODUCT = YES;
			};
			name = Release;
		};
		ABB817991FC7B71300457BA3 /* Debug */ = {
			isa = XCBuildConfiguration;
			buildSettings = {
				ASSETCATALOG_COMPILER_APPICON_NAME = AppIcon;
				CODE_SIGN_STYLE = Automatic;
				DEVELOPMENT_TEAM = 2LV7P8M325;
				INFOPLIST_FILE = LeetCode/Info.plist;
				LD_RUNPATH_SEARCH_PATHS = "$(inherited) @executable_path/Frameworks";
				PRODUCT_BUNDLE_IDENTIFIER = com.dafenci.LeetCode;
				PRODUCT_NAME = "$(TARGET_NAME)";
				SWIFT_VERSION = 4.0;
				TARGETED_DEVICE_FAMILY = "1,2";
			};
			name = Debug;
		};
		ABB8179A1FC7B71300457BA3 /* Release */ = {
			isa = XCBuildConfiguration;
			buildSettings = {
				ASSETCATALOG_COMPILER_APPICON_NAME = AppIcon;
				CODE_SIGN_STYLE = Automatic;
				DEVELOPMENT_TEAM = 2LV7P8M325;
				INFOPLIST_FILE = LeetCode/Info.plist;
				LD_RUNPATH_SEARCH_PATHS = "$(inherited) @executable_path/Frameworks";
				PRODUCT_BUNDLE_IDENTIFIER = com.dafenci.LeetCode;
				PRODUCT_NAME = "$(TARGET_NAME)";
				SWIFT_VERSION = 4.0;
				TARGETED_DEVICE_FAMILY = "1,2";
			};
			name = Release;
		};
		ABB8179C1FC7B71300457BA3 /* Debug */ = {
			isa = XCBuildConfiguration;
			buildSettings = {
				ALWAYS_EMBED_SWIFT_STANDARD_LIBRARIES = YES;
				BUNDLE_LOADER = "$(TEST_HOST)";
				CODE_SIGN_STYLE = Automatic;
				DEVELOPMENT_TEAM = 2LV7P8M325;
				INFOPLIST_FILE = LeetCodeTests/Info.plist;
				LD_RUNPATH_SEARCH_PATHS = "$(inherited) @executable_path/Frameworks @loader_path/Frameworks";
				PRODUCT_BUNDLE_IDENTIFIER = com.dafenci.LeetCodeTests;
				PRODUCT_NAME = "$(TARGET_NAME)";
				SWIFT_VERSION = 4.0;
				TARGETED_DEVICE_FAMILY = "1,2";
				TEST_HOST = "$(BUILT_PRODUCTS_DIR)/LeetCode.app/LeetCode";
			};
			name = Debug;
		};
		ABB8179D1FC7B71300457BA3 /* Release */ = {
			isa = XCBuildConfiguration;
			buildSettings = {
				ALWAYS_EMBED_SWIFT_STANDARD_LIBRARIES = YES;
				BUNDLE_LOADER = "$(TEST_HOST)";
				CODE_SIGN_STYLE = Automatic;
				DEVELOPMENT_TEAM = 2LV7P8M325;
				INFOPLIST_FILE = LeetCodeTests/Info.plist;
				LD_RUNPATH_SEARCH_PATHS = "$(inherited) @executable_path/Frameworks @loader_path/Frameworks";
				PRODUCT_BUNDLE_IDENTIFIER = com.dafenci.LeetCodeTests;
				PRODUCT_NAME = "$(TARGET_NAME)";
				SWIFT_VERSION = 4.0;
				TARGETED_DEVICE_FAMILY = "1,2";
				TEST_HOST = "$(BUILT_PRODUCTS_DIR)/LeetCode.app/LeetCode";
			};
			name = Release;
		};
		ABB8179F1FC7B71300457BA3 /* Debug */ = {
			isa = XCBuildConfiguration;
			buildSettings = {
				ALWAYS_EMBED_SWIFT_STANDARD_LIBRARIES = YES;
				CODE_SIGN_STYLE = Automatic;
				DEVELOPMENT_TEAM = 2LV7P8M325;
				INFOPLIST_FILE = LeetCodeUITests/Info.plist;
				LD_RUNPATH_SEARCH_PATHS = "$(inherited) @executable_path/Frameworks @loader_path/Frameworks";
				PRODUCT_BUNDLE_IDENTIFIER = com.dafenci.LeetCodeUITests;
				PRODUCT_NAME = "$(TARGET_NAME)";
				SWIFT_VERSION = 4.0;
				TARGETED_DEVICE_FAMILY = "1,2";
				TEST_TARGET_NAME = LeetCode;
			};
			name = Debug;
		};
		ABB817A01FC7B71300457BA3 /* Release */ = {
			isa = XCBuildConfiguration;
			buildSettings = {
				ALWAYS_EMBED_SWIFT_STANDARD_LIBRARIES = YES;
				CODE_SIGN_STYLE = Automatic;
				DEVELOPMENT_TEAM = 2LV7P8M325;
				INFOPLIST_FILE = LeetCodeUITests/Info.plist;
				LD_RUNPATH_SEARCH_PATHS = "$(inherited) @executable_path/Frameworks @loader_path/Frameworks";
				PRODUCT_BUNDLE_IDENTIFIER = com.dafenci.LeetCodeUITests;
				PRODUCT_NAME = "$(TARGET_NAME)";
				SWIFT_VERSION = 4.0;
				TARGETED_DEVICE_FAMILY = "1,2";
				TEST_TARGET_NAME = LeetCode;
			};
			name = Release;
		};
/* End XCBuildConfiguration section */

/* Begin XCConfigurationList section */
		ABB8176B1FC7B71300457BA3 /* Build configuration list for PBXProject "LeetCode" */ = {
			isa = XCConfigurationList;
			buildConfigurations = (
				ABB817961FC7B71300457BA3 /* Debug */,
				ABB817971FC7B71300457BA3 /* Release */,
			);
			defaultConfigurationIsVisible = 0;
			defaultConfigurationName = Release;
		};
		ABB817981FC7B71300457BA3 /* Build configuration list for PBXNativeTarget "LeetCode" */ = {
			isa = XCConfigurationList;
			buildConfigurations = (
				ABB817991FC7B71300457BA3 /* Debug */,
				ABB8179A1FC7B71300457BA3 /* Release */,
			);
			defaultConfigurationIsVisible = 0;
			defaultConfigurationName = Release;
		};
		ABB8179B1FC7B71300457BA3 /* Build configuration list for PBXNativeTarget "LeetCodeTests" */ = {
			isa = XCConfigurationList;
			buildConfigurations = (
				ABB8179C1FC7B71300457BA3 /* Debug */,
				ABB8179D1FC7B71300457BA3 /* Release */,
			);
			defaultConfigurationIsVisible = 0;
			defaultConfigurationName = Release;
		};
		ABB8179E1FC7B71300457BA3 /* Build configuration list for PBXNativeTarget "LeetCodeUITests" */ = {
			isa = XCConfigurationList;
			buildConfigurations = (
				ABB8179F1FC7B71300457BA3 /* Debug */,
				ABB817A01FC7B71300457BA3 /* Release */,
			);
			defaultConfigurationIsVisible = 0;
			defaultConfigurationName = Release;
		};
/* End XCConfigurationList section */
	};
	rootObject = ABB817681FC7B71300457BA3 /* Project object */;
}
